
Microsoft Visual Studio Solution File, Format Version 12.00
# Visual Studio 15
VisualStudioVersion = 15.0.28307.168
MinimumVisualStudioVersion = 10.0.40219.1
Project("{FAE04EC0-301F-11D3-BF4B-00C04F79EFBC}") = "IntlTelInput-UnobtrusiveValidation", "IntlTelInput-UnobtrusiveValidation\IntlTelInput-UnobtrusiveValidation.csproj", "{24491725-C543-4493-AF1B-DAB89B1F28CF}"
EndProject
Global
	GlobalSection(SolutionConfigurationPlatforms) = preSolution
		Debug|Any CPU = Debug|Any CPU
		Release|Any CPU = Release|Any CPU
	EndGlobalSection
	GlobalSection(ProjectConfigurationPlatforms) = postSolution
		{24491725-C543-4493-AF1B-DAB89B1F28CF}.Debug|Any CPU.ActiveCfg = Debug|Any CPU
		{24491725-C543-4493-AF1B-DAB89B1F28CF}.Debug|Any CPU.Build.0 = Debug|Any CPU
		{24491725-C543-4493-AF1B-DAB89B1F28CF}.Release|Any CPU.ActiveCfg = Release|Any CPU
		{24491725-C543-4493-AF1B-DAB89B1F28CF}.Release|Any CPU.Build.0 = Release|Any CPU
	EndGlobalSection
	GlobalSection(SolutionProperties) = preSolution
		HideSolutionNode = FALSE
	EndGlobalSection
	GlobalSection(ExtensibilityGlobals) = postSolution
		SolutionGuid = {F5B3D53E-3AEF-42A4-B2BB-4BCB58749ABC}
	EndGlobalSection
EndGlobal
